
Microsoft Visual Studio Solution File, Format Version 12.00
# Visual Studio 14
VisualStudioVersion = 14.0.25420.1
MinimumVisualStudioVersion = 10.0.40219.1
Project("{FAE04EC0-301F-11D3-BF4B-00C04F79EFBC}") = "MvcMovie", "MvcMovie\MvcMovie.csproj", "{711A9D94-BF40-42BF-A6A3-BED2D2A6EFD5}"
EndProject
Project("{FAE04EC0-301F-11D3-BF4B-00C04F79EFBC}") = "ContosoUniversity", "ContosoUniversity\ContosoUniversity.csproj", "{F7D60384-0C5E-4CC8-8AD3-0FD588127170}"
EndProject
Project("{FAE04EC0-301F-11D3-BF4B-00C04F79EFBC}") = "MvcMusicStore", "MvcMusicStore\MvcMusicStore\MvcMusicStore.csproj", "{07F94951-0E3E-4B23-82FB-AC823F7596FC}"
EndProject
Global
	GlobalSection(SolutionConfigurationPlatforms) = preSolution
		Debug|Any CPU = Debug|Any CPU
		Release|Any CPU = Release|Any CPU
	EndGlobalSection
	GlobalSection(ProjectConfigurationPlatforms) = postSolution
		{711A9D94-BF40-42BF-A6A3-BED2D2A6EFD5}.Debug|Any CPU.ActiveCfg = Debug|Any CPU
		{711A9D94-BF40-42BF-A6A3-BED2D2A6EFD5}.Debug|Any CPU.Build.0 = Debug|Any CPU
		{711A9D94-BF40-42BF-A6A3-BED2D2A6EFD5}.Release|Any CPU.ActiveCfg = Release|Any CPU
		{711A9D94-BF40-42BF-A6A3-BED2D2A6EFD5}.Release|Any CPU.Build.0 = Release|Any CPU
		{F7D60384-0C5E-4CC8-8AD3-0FD588127170}.Debug|Any CPU.ActiveCfg = Debug|Any CPU
		{F7D60384-0C5E-4CC8-8AD3-0FD588127170}.Debug|Any CPU.Build.0 = Debug|Any CPU
		{F7D60384-0C5E-4CC8-8AD3-0FD588127170}.Release|Any CPU.ActiveCfg = Release|Any CPU
		{F7D60384-0C5E-4CC8-8AD3-0FD588127170}.Release|Any CPU.Build.0 = Release|Any CPU
		{07F94951-0E3E-4B23-82FB-AC823F7596FC}.Debug|Any CPU.ActiveCfg = Debug|Any CPU
		{07F94951-0E3E-4B23-82FB-AC823F7596FC}.Debug|Any CPU.Build.0 = Debug|Any CPU
		{07F94951-0E3E-4B23-82FB-AC823F7596FC}.Release|Any CPU.ActiveCfg = Release|Any CPU
		{07F94951-0E3E-4B23-82FB-AC823F7596FC}.Release|Any CPU.Build.0 = Release|Any CPU
	EndGlobalSection
	GlobalSection(SolutionProperties) = preSolution
		HideSolutionNode = FALSE
	EndGlobalSection
EndGlobal
